
Microsoft Visual Studio Solution File, Format Version 12.00
# Visual Studio Version 17
VisualStudioVersion = 17.3.32811.315
MinimumVisualStudioVersion = 10.0.40219.1
Project("{9A19103F-16F7-4668-BE54-9A1E7A4F7556}") = "UI", "UI\UI.csproj", "{0106C174-D13D-407A-8DD0-8D5518EF8ECA}"
EndProject
Project("{9A19103F-16F7-4668-BE54-9A1E7A4F7556}") = "Library", "Library\Library.csproj", "{C8E28D1E-9333-4137-8A68-DC0D6C92F5BD}"
EndProject
Project("{9A19103F-16F7-4668-BE54-9A1E7A4F7556}") = "Application", "Application\Application.csproj", "{5BB64808-0C86-478B-BB7E-03B9B54E02C7}"
EndProject
Project("{FAE04EC0-301F-11D3-BF4B-00C04F79EFBC}") = "ConsoleApplication", "ConsoleApplication\ConsoleApplication.csproj", "{EA1E4453-1F71-447A-8E88-D6BD7AFAF61E}"
EndProject
Global
	GlobalSection(SolutionConfigurationPlatforms) = preSolution
		Debug|Any CPU = Debug|Any CPU
		Release|Any CPU = Release|Any CPU
	EndGlobalSection
	GlobalSection(ProjectConfigurationPlatforms) = postSolution
		{0106C174-D13D-407A-8DD0-8D5518EF8ECA}.Debug|Any CPU.ActiveCfg = Debug|Any CPU
		{0106C174-D13D-407A-8DD0-8D5518EF8ECA}.Debug|Any CPU.Build.0 = Debug|Any CPU
		{0106C174-D13D-407A-8DD0-8D5518EF8ECA}.Release|Any CPU.ActiveCfg = Release|Any CPU
		{0106C174-D13D-407A-8DD0-8D5518EF8ECA}.Release|Any CPU.Build.0 = Release|Any CPU
		{C8E28D1E-9333-4137-8A68-DC0D6C92F5BD}.Debug|Any CPU.ActiveCfg = Debug|Any CPU
		{C8E28D1E-9333-4137-8A68-DC0D6C92F5BD}.Debug|Any CPU.Build.0 = Debug|Any CPU
		{C8E28D1E-9333-4137-8A68-DC0D6C92F5BD}.Release|Any CPU.ActiveCfg = Release|Any CPU
		{C8E28D1E-9333-4137-8A68-DC0D6C92F5BD}.Release|Any CPU.Build.0 = Release|Any CPU
		{5BB64808-0C86-478B-BB7E-03B9B54E02C7}.Debug|Any CPU.ActiveCfg = Debug|Any CPU
		{5BB64808-0C86-478B-BB7E-03B9B54E02C7}.Debug|Any CPU.Build.0 = Debug|Any CPU
		{5BB64808-0C86-478B-BB7E-03B9B54E02C7}.Release|Any CPU.ActiveCfg = Release|Any CPU
		{5BB64808-0C86-478B-BB7E-03B9B54E02C7}.Release|Any CPU.Build.0 = Release|Any CPU
		{EA1E4453-1F71-447A-8E88-D6BD7AFAF61E}.Debug|Any CPU.ActiveCfg = Debug|Any CPU
		{EA1E4453-1F71-447A-8E88-D6BD7AFAF61E}.Debug|Any CPU.Build.0 = Debug|Any CPU
		{EA1E4453-1F71-447A-8E88-D6BD7AFAF61E}.Release|Any CPU.ActiveCfg = Release|Any CPU
		{EA1E4453-1F71-447A-8E88-D6BD7AFAF61E}.Release|Any CPU.Build.0 = Release|Any CPU
	EndGlobalSection
	GlobalSection(SolutionProperties) = preSolution
		HideSolutionNode = FALSE
	EndGlobalSection
	GlobalSection(ExtensibilityGlobals) = postSolution
		SolutionGuid = {ABB6A8D4-6CA7-4E6C-AF25-506A763BEA4B}
	EndGlobalSection
EndGlobal
